
Microsoft Visual Studio Solution File, Format Version 12.00
# Visual Studio Version 16
VisualStudioVersion = 16.0.29403.142
MinimumVisualStudioVersion = 10.0.40219.1
Project("{FAE04EC0-301F-11D3-BF4B-00C04F79EFBC}") = "服务器", "服务器.csproj", "{30DEF0E7-EB1A-43CE-B97E-155423CDC662}"
EndProject
Global
	GlobalSection(SolutionConfigurationPlatforms) = preSolution
		Debug|Any CPU = Debug|Any CPU
		Release|Any CPU = Release|Any CPU
	EndGlobalSection
	GlobalSection(ProjectConfigurationPlatforms) = postSolution
		{30DEF0E7-EB1A-43CE-B97E-155423CDC662}.Debug|Any CPU.ActiveCfg = Debug|Any CPU
		{30DEF0E7-EB1A-43CE-B97E-155423CDC662}.Debug|Any CPU.Build.0 = Debug|Any CPU
		{30DEF0E7-EB1A-43CE-B97E-155423CDC662}.Release|Any CPU.ActiveCfg = Release|Any CPU
		{30DEF0E7-EB1A-43CE-B97E-155423CDC662}.Release|Any CPU.Build.0 = Release|Any CPU
	EndGlobalSection
	GlobalSection(SolutionProperties) = preSolution
		HideSolutionNode = FALSE
	EndGlobalSection
	GlobalSection(ExtensibilityGlobals) = postSolution
		SolutionGuid = {A03C2887-C499-49F2-B6EA-89EA047A4B7B}
	EndGlobalSection
EndGlobal
